# THIS IS AN AUTOGENERATED FILE. DO NOT EDIT THIS FILE DIRECTLY.
# yarn lockfile v1


"@types/marked@^2.0.0":
  version "2.0.0"
  resolved "https://registry.yarnpkg.com/@types/marked/-/marked-2.0.0.tgz#9319de90410be0ba43d5cad0ede2c26e57edb9eb"
  integrity sha512-kSOVa3R6HJvFdd3UIbTYvrSBTPHjXhNErh7/8oSCKOwqdOkk4Oj8N77n+f6dsgd1jW3j3SU5EhnmRxPhNKOmtQ==

marked@^2.0.1:
  version "2.0.1"
  resolved "https://registry.yarnpkg.com/marked/-/marked-2.0.1.tgz#5e7ed7009bfa5c95182e4eb696f85e948cefcee3"
  integrity sha512-5+/fKgMv2hARmMW7DOpykr2iLhl0NgjyELk5yn92iE7z8Se1IS9n3UsFm86hFXIkvMBmVxki8+ckcpjBeyo/hw==
